// !$*UTF8*$!
{
	archiveVersion = 1;
	classes = {
	};
	objectVersion = 55;
	objects = {

/* Begin PBXBuildFile section */
		BD1968B628D7BEDA00E9DBD5 /* SignUpView.swift in Sources */ = {isa = PBXBuildFile; fileRef = BD1968B528D7BEDA00E9DBD5 /* SignUpView.swift */; };
		BD1968B928D7D18E00E9DBD5 /* FirebaseAuth in Frameworks */ = {isa = PBXBuildFile; productRef = BD1968B828D7D18E00E9DBD5 /* FirebaseAuth */; };
		BD1968BB28D7D18E00E9DBD5 /* FirebaseFirestore in Frameworks */ = {isa = PBXBuildFile; productRef = BD1968BA28D7D18E00E9DBD5 /* FirebaseFirestore */; };
		BD1968BD28D7D18E00E9DBD5 /* FirebaseMessaging in Frameworks */ = {isa = PBXBuildFile; productRef = BD1968BC28D7D18E00E9DBD5 /* FirebaseMessaging */; };
		BD1968BF28D7D18E00E9DBD5 /* FirebaseStorage in Frameworks */ = {isa = PBXBuildFile; productRef = BD1968BE28D7D18E00E9DBD5 /* FirebaseStorage */; };
		BD1968C128D7D32000E9DBD5 /* GoogleService-Info.plist in Resources */ = {isa = PBXBuildFile; fileRef = BD1968C028D7D32000E9DBD5 /* GoogleService-Info.plist */; };
		BD1968C428D7D44100E9DBD5 /* Kingfisher in Frameworks */ = {isa = PBXBuildFile; productRef = BD1968C328D7D44100E9DBD5 /* Kingfisher */; };
		BD1968C828D8111F00E9DBD5 /* UploadImage.swift in Sources */ = {isa = PBXBuildFile; fileRef = BD1968C728D8111F00E9DBD5 /* UploadImage.swift */; };
		BD1968CB28D8139600E9DBD5 /* FirebaseMessaging in Frameworks */ = {isa = PBXBuildFile; productRef = BD1968CA28D8139600E9DBD5 /* FirebaseMessaging */; };
		BD1968CD28D8139600E9DBD5 /* FirebaseStorage in Frameworks */ = {isa = PBXBuildFile; productRef = BD1968CC28D8139600E9DBD5 /* FirebaseStorage */; };
		BD1A4A2C28D4CD7A00ED8647 /* UserStatView.swift in Sources */ = {isa = PBXBuildFile; fileRef = BD1A4A2B28D4CD7A00ED8647 /* UserStatView.swift */; };
		BD1A4A2E28D4D14400ED8647 /* ProfileActionButtonView.swift in Sources */ = {isa = PBXBuildFile; fileRef = BD1A4A2D28D4D14300ED8647 /* ProfileActionButtonView.swift */; };
		BD67086E28D4C8FD00788821 /* ProfileHeaderView.swift in Sources */ = {isa = PBXBuildFile; fileRef = BD67086D28D4C8FD00788821 /* ProfileHeaderView.swift */; };
		BDD95E0728DABECD0078D85D /* UploadPostViewModel.swift in Sources */ = {isa = PBXBuildFile; fileRef = BDD95E0628DABECD0078D85D /* UploadPostViewModel.swift */; };
		BDD95E0928DAEAC50078D85D /* CustomTextView.swift in Sources */ = {isa = PBXBuildFile; fileRef = BDD95E0828DAEAC50078D85D /* CustomTextView.swift */; };
		BDD95E0B28DB52E70078D85D /* PostModel.swift in Sources */ = {isa = PBXBuildFile; fileRef = BDD95E0A28DB52E70078D85D /* PostModel.swift */; };
		BDD95E0E28DB812C0078D85D /* FeedViewModel.swift in Sources */ = {isa = PBXBuildFile; fileRef = BDD95E0D28DB812C0078D85D /* FeedViewModel.swift */; };
		BDD95E1028DBFD490078D85D /* FeedCellViewModel.swift in Sources */ = {isa = PBXBuildFile; fileRef = BDD95E0F28DBFD490078D85D /* FeedCellViewModel.swift */; };
		BDD95E1228DBFFCC0078D85D /* FeedRepository.swift in Sources */ = {isa = PBXBuildFile; fileRef = BDD95E1128DBFFCC0078D85D /* FeedRepository.swift */; };
		BDD95E1428DC11210078D85D /* CommentsView.swift in Sources */ = {isa = PBXBuildFile; fileRef = BDD95E1328DC11210078D85D /* CommentsView.swift */; };
		BDD95E1628DC112A0078D85D /* CommentsCell.swift in Sources */ = {isa = PBXBuildFile; fileRef = BDD95E1528DC112A0078D85D /* CommentsCell.swift */; };
		BDD95E1928DC142E0078D85D /* CustomInputText.swift in Sources */ = {isa = PBXBuildFile; fileRef = BDD95E1828DC142E0078D85D /* CustomInputText.swift */; };
		BDD95E1B28DC16640078D85D /* CommentsViewModel.swift in Sources */ = {isa = PBXBuildFile; fileRef = BDD95E1A28DC16630078D85D /* CommentsViewModel.swift */; };
		BDD95E1D28DC17960078D85D /* CommentsRepository.swift in Sources */ = {isa = PBXBuildFile; fileRef = BDD95E1C28DC17960078D85D /* CommentsRepository.swift */; };
		BDD95E2028DC198F0078D85D /* CommentModel.swift in Sources */ = {isa = PBXBuildFile; fileRef = BDD95E1F28DC198F0078D85D /* CommentModel.swift */; };
		BDD960D928D894A800A31C0C /* SessionManager.swift in Sources */ = {isa = PBXBuildFile; fileRef = BDD960D828D894A800A31C0C /* SessionManager.swift */; };
		BDD960DB28D894CC00A31C0C /* SignInViewModel.swift in Sources */ = {isa = PBXBuildFile; fileRef = BDD960DA28D894CC00A31C0C /* SignInViewModel.swift */; };
		BDD960DD28D8956B00A31C0C /* SignUpViewModel.swift in Sources */ = {isa = PBXBuildFile; fileRef = BDD960DC28D8956B00A31C0C /* SignUpViewModel.swift */; };
		BDD960E228D8A24200A31C0C /* SearchViewModel.swift in Sources */ = {isa = PBXBuildFile; fileRef = BDD960E128D8A24200A31C0C /* SearchViewModel.swift */; };
		BDD960E428D8A2A000A31C0C /* UserModel.swift in Sources */ = {isa = PBXBuildFile; fileRef = BDD960E328D8A2A000A31C0C /* UserModel.swift */; };
		BDD960E628D8A32500A31C0C /* SearchRepository.swift in Sources */ = {isa = PBXBuildFile; fileRef = BDD960E528D8A32500A31C0C /* SearchRepository.swift */; };
		BDD960E928D90F3300A31C0C /* FirebaseFirestoreSwift in Frameworks */ = {isa = PBXBuildFile; productRef = BDD960E828D90F3300A31C0C /* FirebaseFirestoreSwift */; };
		BDD960EC28D94E4C00A31C0C /* JSONDecoder+Extension.swift in Sources */ = {isa = PBXBuildFile; fileRef = BDD960EB28D94E4C00A31C0C /* JSONDecoder+Extension.swift */; };
		BDD960EE28DA119200A31C0C /* StorageModels.swift in Sources */ = {isa = PBXBuildFile; fileRef = BDD960ED28DA119100A31C0C /* StorageModels.swift */; };
		BDD960F028DA36A300A31C0C /* KeyChain.swift in Sources */ = {isa = PBXBuildFile; fileRef = BDD960EF28DA36A300A31C0C /* KeyChain.swift */; };
		BDD960F328DA530F00A31C0C /* ProfileViewModel.swift in Sources */ = {isa = PBXBuildFile; fileRef = BDD960F228DA530F00A31C0C /* ProfileViewModel.swift */; };
		BDD960F528DA5B0300A31C0C /* ProfileRepository.swift in Sources */ = {isa = PBXBuildFile; fileRef = BDD960F428DA5B0100A31C0C /* ProfileRepository.swift */; };
		BDD960F728DA5B9D00A31C0C /* Constants.swift in Sources */ = {isa = PBXBuildFile; fileRef = BDD960F628DA5B9D00A31C0C /* Constants.swift */; };
		BDDE6AFA28D22B9C00784B36 /* InstagramSwiftUIApp.swift in Sources */ = {isa = PBXBuildFile; fileRef = BDDE6AF928D22B9C00784B36 /* InstagramSwiftUIApp.swift */; };
		BDDE6AFE28D22BA000784B36 /* Assets.xcassets in Resources */ = {isa = PBXBuildFile; fileRef = BDDE6AFD28D22BA000784B36 /* Assets.xcassets */; };
		BDDE6B0128D22BA000784B36 /* Preview Assets.xcassets in Resources */ = {isa = PBXBuildFile; fileRef = BDDE6B0028D22BA000784B36 /* Preview Assets.xcassets */; };
		BDDE6B0E28D22CEB00784B36 /* ContentView.swift in Sources */ = {isa = PBXBuildFile; fileRef = BDDE6B0D28D22CEB00784B36 /* ContentView.swift */; };
		BDDE6B1C28D22E3C00784B36 /* MainTabView.swift in Sources */ = {isa = PBXBuildFile; fileRef = BDDE6B1B28D22E3C00784B36 /* MainTabView.swift */; };
		BDDE6B1E28D22E7700784B36 /* FeedView.swift in Sources */ = {isa = PBXBuildFile; fileRef = BDDE6B1D28D22E7700784B36 /* FeedView.swift */; };
		BDDE6B2028D22E9200784B36 /* SearchView.swift in Sources */ = {isa = PBXBuildFile; fileRef = BDDE6B1F28D22E9200784B36 /* SearchView.swift */; };
		BDDE6B2328D22EAA00784B36 /* ProfileView.swift in Sources */ = {isa = PBXBuildFile; fileRef = BDDE6B2228D22EAA00784B36 /* ProfileView.swift */; };
		BDDE6B2728D22EF300784B36 /* UploadPostView.swift in Sources */ = {isa = PBXBuildFile; fileRef = BDDE6B2628D22EF300784B36 /* UploadPostView.swift */; };
		BDDE6B2928D22F0900784B36 /* NotificationsView.swift in Sources */ = {isa = PBXBuildFile; fileRef = BDDE6B2828D22F0900784B36 /* NotificationsView.swift */; };
		BDDE6B2B28D3CA2C00784B36 /* FeedCell.swift in Sources */ = {isa = PBXBuildFile; fileRef = BDDE6B2A28D3CA2C00784B36 /* FeedCell.swift */; };
		BDDE6B2D28D3DB6200784B36 /* SearchBar.swift in Sources */ = {isa = PBXBuildFile; fileRef = BDDE6B2C28D3DB6100784B36 /* SearchBar.swift */; };
		BDDE6B2F28D4179700784B36 /* PostGridView.swift in Sources */ = {isa = PBXBuildFile; fileRef = BDDE6B2E28D4179600784B36 /* PostGridView.swift */; };
		BDDE6B3128D4190B00784B36 /* UserListView.swift in Sources */ = {isa = PBXBuildFile; fileRef = BDDE6B3028D4190B00784B36 /* UserListView.swift */; };
		BDDE6B3328D4191400784B36 /* UserCell.swift in Sources */ = {isa = PBXBuildFile; fileRef = BDDE6B3228D4191400784B36 /* UserCell.swift */; };
		BDDE6B3528D4C20900784B36 /* NotificationCell.swift in Sources */ = {isa = PBXBuildFile; fileRef = BDDE6B3428D4C20800784B36 /* NotificationCell.swift */; };
		BDDE768B28D649DC0054528F /* ImagePicker.swift in Sources */ = {isa = PBXBuildFile; fileRef = BDDE768A28D649DC0054528F /* ImagePicker.swift */; };
		BDDE768D28D6C9120054528F /* SignInView.swift in Sources */ = {isa = PBXBuildFile; fileRef = BDDE768C28D6C9120054528F /* SignInView.swift */; };
		BDDE769128D6CFDE0054528F /* CustomTextField.swift in Sources */ = {isa = PBXBuildFile; fileRef = BDDE769028D6CFDE0054528F /* CustomTextField.swift */; };
		BDDE769328D6DFB80054528F /* CustomSecureField.swift in Sources */ = {isa = PBXBuildFile; fileRef = BDDE769228D6DFB80054528F /* CustomSecureField.swift */; };
/* End PBXBuildFile section */

/* Begin PBXFileReference section */
		BD1968B528D7BEDA00E9DBD5 /* SignUpView.swift */ = {isa = PBXFileReference; lastKnownFileType = sourcecode.swift; path = SignUpView.swift; sourceTree = "<group>"; };
		BD1968C028D7D32000E9DBD5 /* GoogleService-Info.plist */ = {isa = PBXFileReference; fileEncoding = 4; lastKnownFileType = text.plist.xml; path = "GoogleService-Info.plist"; sourceTree = "<group>"; };
		BD1968C728D8111F00E9DBD5 /* UploadImage.swift */ = {isa = PBXFileReference; lastKnownFileType = sourcecode.swift; path = UploadImage.swift; sourceTree = "<group>"; };
		BD1A4A2B28D4CD7A00ED8647 /* UserStatView.swift */ = {isa = PBXFileReference; lastKnownFileType = sourcecode.swift; path = UserStatView.swift; sourceTree = "<group>"; };
		BD1A4A2D28D4D14300ED8647 /* ProfileActionButtonView.swift */ = {isa = PBXFileReference; lastKnownFileType = sourcecode.swift; path = ProfileActionButtonView.swift; sourceTree = "<group>"; };
		BD67086D28D4C8FD00788821 /* ProfileHeaderView.swift */ = {isa = PBXFileReference; lastKnownFileType = sourcecode.swift; path = ProfileHeaderView.swift; sourceTree = "<group>"; };
		BDD95E0628DABECD0078D85D /* UploadPostViewModel.swift */ = {isa = PBXFileReference; lastKnownFileType = sourcecode.swift; path = UploadPostViewModel.swift; sourceTree = "<group>"; };
		BDD95E0828DAEAC50078D85D /* CustomTextView.swift */ = {isa = PBXFileReference; lastKnownFileType = sourcecode.swift; path = CustomTextView.swift; sourceTree = "<group>"; };
		BDD95E0A28DB52E70078D85D /* PostModel.swift */ = {isa = PBXFileReference; lastKnownFileType = sourcecode.swift; path = PostModel.swift; sourceTree = "<group>"; };
		BDD95E0D28DB812C0078D85D /* FeedViewModel.swift */ = {isa = PBXFileReference; lastKnownFileType = sourcecode.swift; path = FeedViewModel.swift; sourceTree = "<group>"; };
		BDD95E0F28DBFD490078D85D /* FeedCellViewModel.swift */ = {isa = PBXFileReference; lastKnownFileType = sourcecode.swift; path = FeedCellViewModel.swift; sourceTree = "<group>"; };
		BDD95E1128DBFFCC0078D85D /* FeedRepository.swift */ = {isa = PBXFileReference; lastKnownFileType = sourcecode.swift; path = FeedRepository.swift; sourceTree = "<group>"; };
		BDD95E1328DC11210078D85D /* CommentsView.swift */ = {isa = PBXFileReference; lastKnownFileType = sourcecode.swift; path = CommentsView.swift; sourceTree = "<group>"; };
		BDD95E1528DC112A0078D85D /* CommentsCell.swift */ = {isa = PBXFileReference; lastKnownFileType = sourcecode.swift; path = CommentsCell.swift; sourceTree = "<group>"; };
		BDD95E1828DC142E0078D85D /* CustomInputText.swift */ = {isa = PBXFileReference; lastKnownFileType = sourcecode.swift; path = CustomInputText.swift; sourceTree = "<group>"; };
		BDD95E1A28DC16630078D85D /* CommentsViewModel.swift */ = {isa = PBXFileReference; lastKnownFileType = sourcecode.swift; path = CommentsViewModel.swift; sourceTree = "<group>"; };
		BDD95E1C28DC17960078D85D /* CommentsRepository.swift */ = {isa = PBXFileReference; lastKnownFileType = sourcecode.swift; path = CommentsRepository.swift; sourceTree = "<group>"; };
		BDD95E1F28DC198F0078D85D /* CommentModel.swift */ = {isa = PBXFileReference; lastKnownFileType = sourcecode.swift; path = CommentModel.swift; sourceTree = "<group>"; };
		BDD960D828D894A800A31C0C /* SessionManager.swift */ = {isa = PBXFileReference; lastKnownFileType = sourcecode.swift; path = SessionManager.swift; sourceTree = "<group>"; };
		BDD960DA28D894CC00A31C0C /* SignInViewModel.swift */ = {isa = PBXFileReference; lastKnownFileType = sourcecode.swift; path = SignInViewModel.swift; sourceTree = "<group>"; };
		BDD960DC28D8956B00A31C0C /* SignUpViewModel.swift */ = {isa = PBXFileReference; lastKnownFileType = sourcecode.swift; path = SignUpViewModel.swift; sourceTree = "<group>"; };
		BDD960E128D8A24200A31C0C /* SearchViewModel.swift */ = {isa = PBXFileReference; lastKnownFileType = sourcecode.swift; path = SearchViewModel.swift; sourceTree = "<group>"; };
		BDD960E328D8A2A000A31C0C /* UserModel.swift */ = {isa = PBXFileReference; lastKnownFileType = sourcecode.swift; path = UserModel.swift; sourceTree = "<group>"; };
		BDD960E528D8A32500A31C0C /* SearchRepository.swift */ = {isa = PBXFileReference; lastKnownFileType = sourcecode.swift; path = SearchRepository.swift; sourceTree = "<group>"; };
		BDD960EB28D94E4C00A31C0C /* JSONDecoder+Extension.swift */ = {isa = PBXFileReference; lastKnownFileType = sourcecode.swift; path = "JSONDecoder+Extension.swift"; sourceTree = "<group>"; };
		BDD960ED28DA119100A31C0C /* StorageModels.swift */ = {isa = PBXFileReference; lastKnownFileType = sourcecode.swift; path = StorageModels.swift; sourceTree = "<group>"; };
		BDD960EF28DA36A300A31C0C /* KeyChain.swift */ = {isa = PBXFileReference; lastKnownFileType = sourcecode.swift; path = KeyChain.swift; sourceTree = "<group>"; };
		BDD960F228DA530F00A31C0C /* ProfileViewModel.swift */ = {isa = PBXFileReference; lastKnownFileType = sourcecode.swift; path = ProfileViewModel.swift; sourceTree = "<group>"; };
		BDD960F428DA5B0100A31C0C /* ProfileRepository.swift */ = {isa = PBXFileReference; lastKnownFileType = sourcecode.swift; path = ProfileRepository.swift; sourceTree = "<group>"; };
		BDD960F628DA5B9D00A31C0C /* Constants.swift */ = {isa = PBXFileReference; lastKnownFileType = sourcecode.swift; path = Constants.swift; sourceTree = "<group>"; };
		BDDE6AF628D22B9C00784B36 /* InstagramSwiftUI.app */ = {isa = PBXFileReference; explicitFileType = wrapper.application; includeInIndex = 0; path = InstagramSwiftUI.app; sourceTree = BUILT_PRODUCTS_DIR; };
		BDDE6AF928D22B9C00784B36 /* InstagramSwiftUIApp.swift */ = {isa = PBXFileReference; lastKnownFileType = sourcecode.swift; path = InstagramSwiftUIApp.swift; sourceTree = "<group>"; };
		BDDE6AFD28D22BA000784B36 /* Assets.xcassets */ = {isa = PBXFileReference; lastKnownFileType = folder.assetcatalog; path = Assets.xcassets; sourceTree = "<group>"; };
		BDDE6B0028D22BA000784B36 /* Preview Assets.xcassets */ = {isa = PBXFileReference; lastKnownFileType = folder.assetcatalog; path = "Preview Assets.xcassets"; sourceTree = "<group>"; };
		BDDE6B0D28D22CEB00784B36 /* ContentView.swift */ = {isa = PBXFileReference; lastKnownFileType = sourcecode.swift; path = ContentView.swift; sourceTree = "<group>"; };
		BDDE6B1B28D22E3C00784B36 /* MainTabView.swift */ = {isa = PBXFileReference; lastKnownFileType = sourcecode.swift; path = MainTabView.swift; sourceTree = "<group>"; };
		BDDE6B1D28D22E7700784B36 /* FeedView.swift */ = {isa = PBXFileReference; lastKnownFileType = sourcecode.swift; path = FeedView.swift; sourceTree = "<group>"; };
		BDDE6B1F28D22E9200784B36 /* SearchView.swift */ = {isa = PBXFileReference; lastKnownFileType = sourcecode.swift; path = SearchView.swift; sourceTree = "<group>"; };
		BDDE6B2228D22EAA00784B36 /* ProfileView.swift */ = {isa = PBXFileReference; lastKnownFileType = sourcecode.swift; path = ProfileView.swift; sourceTree = "<group>"; };
		BDDE6B2628D22EF300784B36 /* UploadPostView.swift */ = {isa = PBXFileReference; lastKnownFileType = sourcecode.swift; path = UploadPostView.swift; sourceTree = "<group>"; };
		BDDE6B2828D22F0900784B36 /* NotificationsView.swift */ = {isa = PBXFileReference; lastKnownFileType = sourcecode.swift; path = NotificationsView.swift; sourceTree = "<group>"; };
		BDDE6B2A28D3CA2C00784B36 /* FeedCell.swift */ = {isa = PBXFileReference; lastKnownFileType = sourcecode.swift; path = FeedCell.swift; sourceTree = "<group>"; };
		BDDE6B2C28D3DB6100784B36 /* SearchBar.swift */ = {isa = PBXFileReference; lastKnownFileType = sourcecode.swift; path = SearchBar.swift; sourceTree = "<group>"; };
		BDDE6B2E28D4179600784B36 /* PostGridView.swift */ = {isa = PBXFileReference; lastKnownFileType = sourcecode.swift; path = PostGridView.swift; sourceTree = "<group>"; };
		BDDE6B3028D4190B00784B36 /* UserListView.swift */ = {isa = PBXFileReference; lastKnownFileType = sourcecode.swift; path = UserListView.swift; sourceTree = "<group>"; };
		BDDE6B3228D4191400784B36 /* UserCell.swift */ = {isa = PBXFileReference; lastKnownFileType = sourcecode.swift; path = UserCell.swift; sourceTree = "<group>"; };
		BDDE6B3428D4C20800784B36 /* NotificationCell.swift */ = {isa = PBXFileReference; lastKnownFileType = sourcecode.swift; path = NotificationCell.swift; sourceTree = "<group>"; };
		BDDE768A28D649DC0054528F /* ImagePicker.swift */ = {isa = PBXFileReference; lastKnownFileType = sourcecode.swift; path = ImagePicker.swift; sourceTree = "<group>"; };
		BDDE768C28D6C9120054528F /* SignInView.swift */ = {isa = PBXFileReference; lastKnownFileType = sourcecode.swift; path = SignInView.swift; sourceTree = "<group>"; };
		BDDE769028D6CFDE0054528F /* CustomTextField.swift */ = {isa = PBXFileReference; lastKnownFileType = sourcecode.swift; path = CustomTextField.swift; sourceTree = "<group>"; };
		BDDE769228D6DFB80054528F /* CustomSecureField.swift */ = {isa = PBXFileReference; lastKnownFileType = sourcecode.swift; path = CustomSecureField.swift; sourceTree = "<group>"; };
/* End PBXFileReference section */

/* Begin PBXFrameworksBuildPhase section */
		BDDE6AF328D22B9C00784B36 /* Frameworks */ = {
			isa = PBXFrameworksBuildPhase;
			buildActionMask = 2147483647;
			files = (
				BD1968CB28D8139600E9DBD5 /* FirebaseMessaging in Frameworks */,
				BD1968BD28D7D18E00E9DBD5 /* FirebaseMessaging in Frameworks */,
				BD1968BF28D7D18E00E9DBD5 /* FirebaseStorage in Frameworks */,
				BD1968B928D7D18E00E9DBD5 /* FirebaseAuth in Frameworks */,
				BD1968CD28D8139600E9DBD5 /* FirebaseStorage in Frameworks */,
				BD1968BB28D7D18E00E9DBD5 /* FirebaseFirestore in Frameworks */,
				BD1968C428D7D44100E9DBD5 /* Kingfisher in Frameworks */,
				BDD960E928D90F3300A31C0C /* FirebaseFirestoreSwift in Frameworks */,
			);
			runOnlyForDeploymentPostprocessing = 0;
		};
/* End PBXFrameworksBuildPhase section */

/* Begin PBXGroup section */
		BDD95E0C28DB80AE0078D85D /* Subviews */ = {
			isa = PBXGroup;
			children = (
				BDDE6B2A28D3CA2C00784B36 /* FeedCell.swift */,
				BDD95E0F28DBFD490078D85D /* FeedCellViewModel.swift */,
			);
			path = Subviews;
			sourceTree = "<group>";
		};
		BDD95E1728DC112D0078D85D /* Subviews */ = {
			isa = PBXGroup;
			children = (
				BDD95E1528DC112A0078D85D /* CommentsCell.swift */,
			);
			path = Subviews;
			sourceTree = "<group>";
		};
		BDD95E1E28DC19800078D85D /* Models */ = {
			isa = PBXGroup;
			children = (
				BDD95E1F28DC198F0078D85D /* CommentModel.swift */,
			);
			path = Models;
			sourceTree = "<group>";
		};
		BDD960D428D893C300A31C0C /* Sources */ = {
			isa = PBXGroup;
			children = (
				BDDE6AF928D22B9C00784B36 /* InstagramSwiftUIApp.swift */,
				BDD960D828D894A800A31C0C /* SessionManager.swift */,
				BDD960F628DA5B9D00A31C0C /* Constants.swift */,
			);
			path = Sources;
			sourceTree = "<group>";
		};
		BDD960D528D893CD00A31C0C /* Resources */ = {
			isa = PBXGroup;
			children = (
				BD1968C028D7D32000E9DBD5 /* GoogleService-Info.plist */,
				BDDE6AFD28D22BA000784B36 /* Assets.xcassets */,
			);
			path = Resources;
			sourceTree = "<group>";
		};
		BDD960D628D8940900A31C0C /* SignIn */ = {
			isa = PBXGroup;
			children = (
				BDDE768C28D6C9120054528F /* SignInView.swift */,
				BDD960DA28D894CC00A31C0C /* SignInViewModel.swift */,
			);
			path = SignIn;
			sourceTree = "<group>";
		};
		BDD960D728D8941000A31C0C /* SignUp */ = {
			isa = PBXGroup;
			children = (
				BD1968B528D7BEDA00E9DBD5 /* SignUpView.swift */,
				BDD960DC28D8956B00A31C0C /* SignUpViewModel.swift */,
			);
			path = SignUp;
			sourceTree = "<group>";
		};
		BDD960DE28D8A1FE00A31C0C /* Subviews */ = {
			isa = PBXGroup;
			children = (
				BDDE6B2E28D4179600784B36 /* PostGridView.swift */,
				BDDE6B3028D4190B00784B36 /* UserListView.swift */,
			);
			path = Subviews;
			sourceTree = "<group>";
		};
		BDD960DF28D8A21400A31C0C /* Cells */ = {
			isa = PBXGroup;
			children = (
				BDDE6B3228D4191400784B36 /* UserCell.swift */,
			);
			path = Cells;
			sourceTree = "<group>";
		};
		BDD960E028D8A22E00A31C0C /* Subviews */ = {
			isa = PBXGroup;
			children = (
				BDDE6B2C28D3DB6100784B36 /* SearchBar.swift */,
			);
			path = Subviews;
			sourceTree = "<group>";
		};
		BDD960EA28D94E2D00A31C0C /* Extensions */ = {
			isa = PBXGroup;
			children = (
				BDD960EB28D94E4C00A31C0C /* JSONDecoder+Extension.swift */,
			);
			path = Extensions;
			sourceTree = "<group>";
		};
		BDD960F128DA52BD00A31C0C /* Subviews */ = {
			isa = PBXGroup;
			children = (
				BD67086D28D4C8FD00788821 /* ProfileHeaderView.swift */,
				BD1A4A2B28D4CD7A00ED8647 /* UserStatView.swift */,
				BD1A4A2D28D4D14300ED8647 /* ProfileActionButtonView.swift */,
			);
			path = Subviews;
			sourceTree = "<group>";
		};
		BDDE6AED28D22B9C00784B36 = {
			isa = PBXGroup;
			children = (
				BDDE6AF828D22B9C00784B36 /* InstagramSwiftUI */,
				BDDE6AF728D22B9C00784B36 /* Products */,
			);
			sourceTree = "<group>";
		};
		BDDE6AF728D22B9C00784B36 /* Products */ = {
			isa = PBXGroup;
			children = (
				BDDE6AF628D22B9C00784B36 /* InstagramSwiftUI.app */,
			);
			name = Products;
			sourceTree = "<group>";
		};
		BDDE6AF828D22B9C00784B36 /* InstagramSwiftUI */ = {
			isa = PBXGroup;
			children = (
				BDDE768E28D6CFBE0054528F /* Commoms */,
				BDDE6B0A28D22C8800784B36 /* Scenes */,
				BDD960D428D893C300A31C0C /* Sources */,
				BDD960D528D893CD00A31C0C /* Resources */,
				BDDE6AFF28D22BA000784B36 /* Preview Content */,
			);
			path = InstagramSwiftUI;
			sourceTree = "<group>";
		};
		BDDE6AFF28D22BA000784B36 /* Preview Content */ = {
			isa = PBXGroup;
			children = (
				BDDE6B0028D22BA000784B36 /* Preview Assets.xcassets */,
			);
			path = "Preview Content";
			sourceTree = "<group>";
		};
		BDDE6B0728D22C5600784B36 /* Models */ = {
			isa = PBXGroup;
			children = (
				BDD960E328D8A2A000A31C0C /* UserModel.swift */,
				BDD95E0A28DB52E70078D85D /* PostModel.swift */,
			);
			path = Models;
			sourceTree = "<group>";
		};
		BDDE6B0828D22C7F00784B36 /* Utils */ = {
			isa = PBXGroup;
			children = (
				BDDE768A28D649DC0054528F /* ImagePicker.swift */,
				BD1968C728D8111F00E9DBD5 /* UploadImage.swift */,
				BDD960ED28DA119100A31C0C /* StorageModels.swift */,
				BDD960EF28DA36A300A31C0C /* KeyChain.swift */,
			);
			path = Utils;
			sourceTree = "<group>";
		};
		BDDE6B0A28D22C8800784B36 /* Scenes */ = {
			isa = PBXGroup;
			children = (
				BDDE6B1528D22D2600784B36 /* Authentication */,
				BDDE6B1328D22D1900784B36 /* Feed */,
				BDDE6B1028D22D0500784B36 /* Comments */,
				BDDE6B0F28D22D0100784B36 /* Profile */,
				BDDE6B1228D22D1200784B36 /* Notifications */,
				BDDE6B1428D22D1D00784B36 /* UploadPost */,
				BDDE6B1128D22D0B00784B36 /* Search */,
				BDDE6B0C28D22CD700784B36 /* Main */,
			);
			path = Scenes;
			sourceTree = "<group>";
		};
		BDDE6B0C28D22CD700784B36 /* Main */ = {
			isa = PBXGroup;
			children = (
				BDDE6B0D28D22CEB00784B36 /* ContentView.swift */,
				BDDE6B1B28D22E3C00784B36 /* MainTabView.swift */,
			);
			path = Main;
			sourceTree = "<group>";
		};
		BDDE6B0F28D22D0100784B36 /* Profile */ = {
			isa = PBXGroup;
			children = (
				BDD960F128DA52BD00A31C0C /* Subviews */,
				BDDE6B2228D22EAA00784B36 /* ProfileView.swift */,
				BDD960F228DA530F00A31C0C /* ProfileViewModel.swift */,
				BDD960F428DA5B0100A31C0C /* ProfileRepository.swift */,
			);
			path = Profile;
			sourceTree = "<group>";
		};
		BDDE6B1028D22D0500784B36 /* Comments */ = {
			isa = PBXGroup;
			children = (
				BDD95E1E28DC19800078D85D /* Models */,
				BDD95E1728DC112D0078D85D /* Subviews */,
				BDD95E1328DC11210078D85D /* CommentsView.swift */,
				BDD95E1A28DC16630078D85D /* CommentsViewModel.swift */,
				BDD95E1C28DC17960078D85D /* CommentsRepository.swift */,
			);
			path = Comments;
			sourceTree = "<group>";
		};
		BDDE6B1128D22D0B00784B36 /* Search */ = {
			isa = PBXGroup;
			children = (
				BDD960E028D8A22E00A31C0C /* Subviews */,
				BDDE6B1F28D22E9200784B36 /* SearchView.swift */,
				BDD960E128D8A24200A31C0C /* SearchViewModel.swift */,
				BDD960E528D8A32500A31C0C /* SearchRepository.swift */,
			);
			path = Search;
			sourceTree = "<group>";
		};
		BDDE6B1228D22D1200784B36 /* Notifications */ = {
			isa = PBXGroup;
			children = (
				BDDE6B2828D22F0900784B36 /* NotificationsView.swift */,
				BDDE6B3428D4C20800784B36 /* NotificationCell.swift */,
			);
			path = Notifications;
			sourceTree = "<group>";
		};
		BDDE6B1328D22D1900784B36 /* Feed */ = {
			isa = PBXGroup;
			children = (
				BDD95E0C28DB80AE0078D85D /* Subviews */,
				BDDE6B1D28D22E7700784B36 /* FeedView.swift */,
				BDD95E0D28DB812C0078D85D /* FeedViewModel.swift */,
				BDD95E1128DBFFCC0078D85D /* FeedRepository.swift */,
			);
			path = Feed;
			sourceTree = "<group>";
		};
		BDDE6B1428D22D1D00784B36 /* UploadPost */ = {
			isa = PBXGroup;
			children = (
				BDDE6B2628D22EF300784B36 /* UploadPostView.swift */,
				BDD95E0628DABECD0078D85D /* UploadPostViewModel.swift */,
			);
			path = UploadPost;
			sourceTree = "<group>";
		};
		BDDE6B1528D22D2600784B36 /* Authentication */ = {
			isa = PBXGroup;
			children = (
				BDD960D728D8941000A31C0C /* SignUp */,
				BDD960D628D8940900A31C0C /* SignIn */,
			);
			path = Authentication;
			sourceTree = "<group>";
		};
		BDDE768E28D6CFBE0054528F /* Commoms */ = {
			isa = PBXGroup;
			children = (
				BDD960EA28D94E2D00A31C0C /* Extensions */,
				BDD960DF28D8A21400A31C0C /* Cells */,
				BDD960DE28D8A1FE00A31C0C /* Subviews */,
				BDDE6B0728D22C5600784B36 /* Models */,
				BDDE6B0828D22C7F00784B36 /* Utils */,
				BDDE768F28D6CFC60054528F /* Components */,
			);
			path = Commoms;
			sourceTree = "<group>";
		};
		BDDE768F28D6CFC60054528F /* Components */ = {
			isa = PBXGroup;
			children = (
				BDDE769028D6CFDE0054528F /* CustomTextField.swift */,
				BDDE769228D6DFB80054528F /* CustomSecureField.swift */,
				BDD95E0828DAEAC50078D85D /* CustomTextView.swift */,
				BDD95E1828DC142E0078D85D /* CustomInputText.swift */,
			);
			path = Components;
			sourceTree = "<group>";
		};
/* End PBXGroup section */

/* Begin PBXNativeTarget section */
		BDDE6AF528D22B9C00784B36 /* InstagramSwiftUI */ = {
			isa = PBXNativeTarget;
			buildConfigurationList = BDDE6B0428D22BA000784B36 /* Build configuration list for PBXNativeTarget "InstagramSwiftUI" */;
			buildPhases = (
				BDDE6AF228D22B9C00784B36 /* Sources */,
				BDDE6AF328D22B9C00784B36 /* Frameworks */,
				BDDE6AF428D22B9C00784B36 /* Resources */,
			);
			buildRules = (
			);
			dependencies = (
			);
			name = InstagramSwiftUI;
			packageProductDependencies = (
				BD1968B828D7D18E00E9DBD5 /* FirebaseAuth */,
				BD1968BA28D7D18E00E9DBD5 /* FirebaseFirestore */,
				BD1968BC28D7D18E00E9DBD5 /* FirebaseMessaging */,
				BD1968BE28D7D18E00E9DBD5 /* FirebaseStorage */,
				BD1968C328D7D44100E9DBD5 /* Kingfisher */,
				BD1968CA28D8139600E9DBD5 /* FirebaseMessaging */,
				BD1968CC28D8139600E9DBD5 /* FirebaseStorage */,
				BDD960E828D90F3300A31C0C /* FirebaseFirestoreSwift */,
			);
			productName = InstagramSwiftUI;
			productReference = BDDE6AF628D22B9C00784B36 /* InstagramSwiftUI.app */;
			productType = "com.apple.product-type.application";
		};
/* End PBXNativeTarget section */

/* Begin PBXProject section */
		BDDE6AEE28D22B9C00784B36 /* Project object */ = {
			isa = PBXProject;
			attributes = {
				BuildIndependentTargetsInParallel = 1;
				LastSwiftUpdateCheck = 1340;
				LastUpgradeCheck = 1340;
				TargetAttributes = {
					BDDE6AF528D22B9C00784B36 = {
						CreatedOnToolsVersion = 13.4.1;
					};
				};
			};
			buildConfigurationList = BDDE6AF128D22B9C00784B36 /* Build configuration list for PBXProject "InstagramSwiftUI" */;
			compatibilityVersion = "Xcode 13.0";
			developmentRegion = en;
			hasScannedForEncodings = 0;
			knownRegions = (
				en,
				Base,
			);
			mainGroup = BDDE6AED28D22B9C00784B36;
			packageReferences = (
				BD1968B728D7D18E00E9DBD5 /* XCRemoteSwiftPackageReference "firebase-ios-sdk" */,
				BD1968C228D7D44100E9DBD5 /* XCRemoteSwiftPackageReference "Kingfisher" */,
				BD1968C928D8139600E9DBD5 /* XCRemoteSwiftPackageReference "firebase-ios-sdk" */,
				BDD960E728D90F3300A31C0C /* XCRemoteSwiftPackageReference "firebase-ios-sdk" */,
			);
			productRefGroup = BDDE6AF728D22B9C00784B36 /* Products */;
			projectDirPath = "";
			projectRoot = "";
			targets = (
				BDDE6AF528D22B9C00784B36 /* InstagramSwiftUI */,
			);
		};
/* End PBXProject section */

/* Begin PBXResourcesBuildPhase section */
		BDDE6AF428D22B9C00784B36 /* Resources */ = {
			isa = PBXResourcesBuildPhase;
			buildActionMask = 2147483647;
			files = (
				BDDE6B0128D22BA000784B36 /* Preview Assets.xcassets in Resources */,
				BDDE6AFE28D22BA000784B36 /* Assets.xcassets in Resources */,
				BD1968C128D7D32000E9DBD5 /* GoogleService-Info.plist in Resources */,
			);
			runOnlyForDeploymentPostprocessing = 0;
		};
/* End PBXResourcesBuildPhase section */

/* Begin PBXSourcesBuildPhase section */
		BDDE6AF228D22B9C00784B36 /* Sources */ = {
			isa = PBXSourcesBuildPhase;
			buildActionMask = 2147483647;
			files = (
				BDD95E1B28DC16640078D85D /* CommentsViewModel.swift in Sources */,
				BDDE6B2028D22E9200784B36 /* SearchView.swift in Sources */,
				BDD95E2028DC198F0078D85D /* CommentModel.swift in Sources */,
				BDDE6B3328D4191400784B36 /* UserCell.swift in Sources */,
				BDD960EE28DA119200A31C0C /* StorageModels.swift in Sources */,
				BDDE6B1E28D22E7700784B36 /* FeedView.swift in Sources */,
				BDD960D928D894A800A31C0C /* SessionManager.swift in Sources */,
				BDD960DB28D894CC00A31C0C /* SignInViewModel.swift in Sources */,
				BDDE768B28D649DC0054528F /* ImagePicker.swift in Sources */,
				BDD960E628D8A32500A31C0C /* SearchRepository.swift in Sources */,
				BDD95E1928DC142E0078D85D /* CustomInputText.swift in Sources */,
				BD1968C828D8111F00E9DBD5 /* UploadImage.swift in Sources */,
				BDDE769128D6CFDE0054528F /* CustomTextField.swift in Sources */,
				BD1A4A2E28D4D14400ED8647 /* ProfileActionButtonView.swift in Sources */,
				BDD95E0728DABECD0078D85D /* UploadPostViewModel.swift in Sources */,
				BD1A4A2C28D4CD7A00ED8647 /* UserStatView.swift in Sources */,
				BDDE769328D6DFB80054528F /* CustomSecureField.swift in Sources */,
				BDDE6B2F28D4179700784B36 /* PostGridView.swift in Sources */,
				BDDE6AFA28D22B9C00784B36 /* InstagramSwiftUIApp.swift in Sources */,
				BDD960DD28D8956B00A31C0C /* SignUpViewModel.swift in Sources */,
				BDDE6B0E28D22CEB00784B36 /* ContentView.swift in Sources */,
				BDDE6B3528D4C20900784B36 /* NotificationCell.swift in Sources */,
				BDD960F328DA530F00A31C0C /* ProfileViewModel.swift in Sources */,
				BDD95E1428DC11210078D85D /* CommentsView.swift in Sources */,
				BDD95E1228DBFFCC0078D85D /* FeedRepository.swift in Sources */,
				BDD95E1628DC112A0078D85D /* CommentsCell.swift in Sources */,
				BDDE768D28D6C9120054528F /* SignInView.swift in Sources */,
				BDD960EC28D94E4C00A31C0C /* JSONDecoder+Extension.swift in Sources */,
				BD67086E28D4C8FD00788821 /* ProfileHeaderView.swift in Sources */,
				BDD95E0928DAEAC50078D85D /* CustomTextView.swift in Sources */,
				BDD960F028DA36A300A31C0C /* KeyChain.swift in Sources */,
				BDDE6B2728D22EF300784B36 /* UploadPostView.swift in Sources */,
				BDD95E1028DBFD490078D85D /* FeedCellViewModel.swift in Sources */,
				BDDE6B2328D22EAA00784B36 /* ProfileView.swift in Sources */,
				BDD95E1D28DC17960078D85D /* CommentsRepository.swift in Sources */,
				BDD960F728DA5B9D00A31C0C /* Constants.swift in Sources */,
				BD1968B628D7BEDA00E9DBD5 /* SignUpView.swift in Sources */,
				BDDE6B3128D4190B00784B36 /* UserListView.swift in Sources */,
				BDD960E428D8A2A000A31C0C /* UserModel.swift in Sources */,
				BDDE6B1C28D22E3C00784B36 /* MainTabView.swift in Sources */,
				BDD960F528DA5B0300A31C0C /* ProfileRepository.swift in Sources */,
				BDD95E0B28DB52E70078D85D /* PostModel.swift in Sources */,
				BDDE6B2D28D3DB6200784B36 /* SearchBar.swift in Sources */,
				BDD960E228D8A24200A31C0C /* SearchViewModel.swift in Sources */,
				BDDE6B2928D22F0900784B36 /* NotificationsView.swift in Sources */,
				BDDE6B2B28D3CA2C00784B36 /* FeedCell.swift in Sources */,
				BDD95E0E28DB812C0078D85D /* FeedViewModel.swift in Sources */,
			);
			runOnlyForDeploymentPostprocessing = 0;
		};
/* End PBXSourcesBuildPhase section */

/* Begin XCBuildConfiguration section */
		BDDE6B0228D22BA000784B36 /* Debug */ = {
			isa = XCBuildConfiguration;
			buildSettings = {
				ALWAYS_SEARCH_USER_PATHS = NO;
				CLANG_ANALYZER_NONNULL = YES;
				CLANG_ANALYZER_NUMBER_OBJECT_CONVERSION = YES_AGGRESSIVE;
				CLANG_CXX_LANGUAGE_STANDARD = "gnu++17";
				CLANG_ENABLE_MODULES = YES;
				CLANG_ENABLE_OBJC_ARC = YES;
				CLANG_ENABLE_OBJC_WEAK = YES;
				CLANG_WARN_BLOCK_CAPTURE_AUTORELEASING = YES;
				CLANG_WARN_BOOL_CONVERSION = YES;
				CLANG_WARN_COMMA = YES;
				CLANG_WARN_CONSTANT_CONVERSION = YES;
				CLANG_WARN_DEPRECATED_OBJC_IMPLEMENTATIONS = YES;
				CLANG_WARN_DIRECT_OBJC_ISA_USAGE = YES_ERROR;
				CLANG_WARN_DOCUMENTATION_COMMENTS = YES;
				CLANG_WARN_EMPTY_BODY = YES;
				CLANG_WARN_ENUM_CONVERSION = YES;
				CLANG_WARN_INFINITE_RECURSION = YES;
				CLANG_WARN_INT_CONVERSION = YES;
				CLANG_WARN_NON_LITERAL_NULL_CONVERSION = YES;
				CLANG_WARN_OBJC_IMPLICIT_RETAIN_SELF = YES;
				CLANG_WARN_OBJC_LITERAL_CONVERSION = YES;
				CLANG_WARN_OBJC_ROOT_CLASS = YES_ERROR;
				CLANG_WARN_QUOTED_INCLUDE_IN_FRAMEWORK_HEADER = YES;
				CLANG_WARN_RANGE_LOOP_ANALYSIS = YES;
				CLANG_WARN_STRICT_PROTOTYPES = YES;
				CLANG_WARN_SUSPICIOUS_MOVE = YES;
				CLANG_WARN_UNGUARDED_AVAILABILITY = YES_AGGRESSIVE;
				CLANG_WARN_UNREACHABLE_CODE = YES;
				CLANG_WARN__DUPLICATE_METHOD_MATCH = YES;
				COPY_PHASE_STRIP = NO;
				DEBUG_INFORMATION_FORMAT = dwarf;
				ENABLE_STRICT_OBJC_MSGSEND = YES;
				ENABLE_TESTABILITY = YES;
				GCC_C_LANGUAGE_STANDARD = gnu11;
				GCC_DYNAMIC_NO_PIC = NO;
				GCC_NO_COMMON_BLOCKS = YES;
				GCC_OPTIMIZATION_LEVEL = 0;
				GCC_PREPROCESSOR_DEFINITIONS = (
					"DEBUG=1",
					"$(inherited)",
				);
				GCC_WARN_64_TO_32_BIT_CONVERSION = YES;
				GCC_WARN_ABOUT_RETURN_TYPE = YES_ERROR;
				GCC_WARN_UNDECLARED_SELECTOR = YES;
				GCC_WARN_UNINITIALIZED_AUTOS = YES_AGGRESSIVE;
				GCC_WARN_UNUSED_FUNCTION = YES;
				GCC_WARN_UNUSED_VARIABLE = YES;
				IPHONEOS_DEPLOYMENT_TARGET = 15.5;
				MTL_ENABLE_DEBUG_INFO = INCLUDE_SOURCE;
				MTL_FAST_MATH = YES;
				ONLY_ACTIVE_ARCH = YES;
				SDKROOT = iphoneos;
				SWIFT_ACTIVE_COMPILATION_CONDITIONS = DEBUG;
				SWIFT_OPTIMIZATION_LEVEL = "-Onone";
			};
			name = Debug;
		};
		BDDE6B0328D22BA000784B36 /* Release */ = {
			isa = XCBuildConfiguration;
			buildSettings = {
				ALWAYS_SEARCH_USER_PATHS = NO;
				CLANG_ANALYZER_NONNULL = YES;
				CLANG_ANALYZER_NUMBER_OBJECT_CONVERSION = YES_AGGRESSIVE;
				CLANG_CXX_LANGUAGE_STANDARD = "gnu++17";
				CLANG_ENABLE_MODULES = YES;
				CLANG_ENABLE_OBJC_ARC = YES;
				CLANG_ENABLE_OBJC_WEAK = YES;
				CLANG_WARN_BLOCK_CAPTURE_AUTORELEASING = YES;
				CLANG_WARN_BOOL_CONVERSION = YES;
				CLANG_WARN_COMMA = YES;
				CLANG_WARN_CONSTANT_CONVERSION = YES;
				CLANG_WARN_DEPRECATED_OBJC_IMPLEMENTATIONS = YES;
				CLANG_WARN_DIRECT_OBJC_ISA_USAGE = YES_ERROR;
				CLANG_WARN_DOCUMENTATION_COMMENTS = YES;
				CLANG_WARN_EMPTY_BODY = YES;
				CLANG_WARN_ENUM_CONVERSION = YES;
				CLANG_WARN_INFINITE_RECURSION = YES;
				CLANG_WARN_INT_CONVERSION = YES;
				CLANG_WARN_NON_LITERAL_NULL_CONVERSION = YES;
				CLANG_WARN_OBJC_IMPLICIT_RETAIN_SELF = YES;
				CLANG_WARN_OBJC_LITERAL_CONVERSION = YES;
				CLANG_WARN_OBJC_ROOT_CLASS = YES_ERROR;
				CLANG_WARN_QUOTED_INCLUDE_IN_FRAMEWORK_HEADER = YES;
				CLANG_WARN_RANGE_LOOP_ANALYSIS = YES;
				CLANG_WARN_STRICT_PROTOTYPES = YES;
				CLANG_WARN_SUSPICIOUS_MOVE = YES;
				CLANG_WARN_UNGUARDED_AVAILABILITY = YES_AGGRESSIVE;
				CLANG_WARN_UNREACHABLE_CODE = YES;
				CLANG_WARN__DUPLICATE_METHOD_MATCH = YES;
				COPY_PHASE_STRIP = NO;
				DEBUG_INFORMATION_FORMAT = "dwarf-with-dsym";
				ENABLE_NS_ASSERTIONS = NO;
				ENABLE_STRICT_OBJC_MSGSEND = YES;
				GCC_C_LANGUAGE_STANDARD = gnu11;
				GCC_NO_COMMON_BLOCKS = YES;
				GCC_WARN_64_TO_32_BIT_CONVERSION = YES;
				GCC_WARN_ABOUT_RETURN_TYPE = YES_ERROR;
				GCC_WARN_UNDECLARED_SELECTOR = YES;
				GCC_WARN_UNINITIALIZED_AUTOS = YES_AGGRESSIVE;
				GCC_WARN_UNUSED_FUNCTION = YES;
				GCC_WARN_UNUSED_VARIABLE = YES;
				IPHONEOS_DEPLOYMENT_TARGET = 15.5;
				MTL_ENABLE_DEBUG_INFO = NO;
				MTL_FAST_MATH = YES;
				SDKROOT = iphoneos;
				SWIFT_COMPILATION_MODE = wholemodule;
				SWIFT_OPTIMIZATION_LEVEL = "-O";
				VALIDATE_PRODUCT = YES;
			};
			name = Release;
		};
		BDDE6B0528D22BA000784B36 /* Debug */ = {
			isa = XCBuildConfiguration;
			buildSettings = {
				ASSETCATALOG_COMPILER_APPICON_NAME = AppIcon;
				ASSETCATALOG_COMPILER_GLOBAL_ACCENT_COLOR_NAME = AccentColor;
				CODE_SIGN_STYLE = Automatic;
				CURRENT_PROJECT_VERSION = 1;
				DEVELOPMENT_ASSET_PATHS = "\"InstagramSwiftUI/Preview Content\"";
				ENABLE_PREVIEWS = YES;
				GENERATE_INFOPLIST_FILE = YES;
				INFOPLIST_KEY_UIApplicationSceneManifest_Generation = YES;
				INFOPLIST_KEY_UIApplicationSupportsIndirectInputEvents = YES;
				INFOPLIST_KEY_UILaunchScreen_Generation = YES;
				INFOPLIST_KEY_UISupportedInterfaceOrientations_iPad = "UIInterfaceOrientationPortrait UIInterfaceOrientationPortraitUpsideDown UIInterfaceOrientationLandscapeLeft UIInterfaceOrientationLandscapeRight";
				INFOPLIST_KEY_UISupportedInterfaceOrientations_iPhone = "UIInterfaceOrientationPortrait UIInterfaceOrientationLandscapeLeft UIInterfaceOrientationLandscapeRight";
				IPHONEOS_DEPLOYMENT_TARGET = 15.0;
				LD_RUNPATH_SEARCH_PATHS = (
					"$(inherited)",
					"@executable_path/Frameworks",
				);
				MARKETING_VERSION = 1.0;
				PRODUCT_BUNDLE_IDENTIFIER = br.com.heliotecnologia.InstagramSwiftUI;
				PRODUCT_NAME = "$(TARGET_NAME)";
				SWIFT_EMIT_LOC_STRINGS = YES;
				SWIFT_VERSION = 5.0;
				TARGETED_DEVICE_FAMILY = "1,2";
			};
			name = Debug;
		};
		BDDE6B0628D22BA000784B36 /* Release */ = {
			isa = XCBuildConfiguration;
			buildSettings = {
				ASSETCATALOG_COMPILER_APPICON_NAME = AppIcon;
				ASSETCATALOG_COMPILER_GLOBAL_ACCENT_COLOR_NAME = AccentColor;
				CODE_SIGN_STYLE = Automatic;
				CURRENT_PROJECT_VERSION = 1;
				DEVELOPMENT_ASSET_PATHS = "\"InstagramSwiftUI/Preview Content\"";
				ENABLE_PREVIEWS = YES;
				GENERATE_INFOPLIST_FILE = YES;
				INFOPLIST_KEY_UIApplicationSceneManifest_Generation = YES;
				INFOPLIST_KEY_UIApplicationSupportsIndirectInputEvents = YES;
				INFOPLIST_KEY_UILaunchScreen_Generation = YES;
				INFOPLIST_KEY_UISupportedInterfaceOrientations_iPad = "UIInterfaceOrientationPortrait UIInterfaceOrientationPortraitUpsideDown UIInterfaceOrientationLandscapeLeft UIInterfaceOrientationLandscapeRight";
				INFOPLIST_KEY_UISupportedInterfaceOrientations_iPhone = "UIInterfaceOrientationPortrait UIInterfaceOrientationLandscapeLeft UIInterfaceOrientationLandscapeRight";
				IPHONEOS_DEPLOYMENT_TARGET = 15.0;
				LD_RUNPATH_SEARCH_PATHS = (
					"$(inherited)",
					"@executable_path/Frameworks",
				);
				MARKETING_VERSION = 1.0;
				PRODUCT_BUNDLE_IDENTIFIER = br.com.heliotecnologia.InstagramSwiftUI;
				PRODUCT_NAME = "$(TARGET_NAME)";
				SWIFT_EMIT_LOC_STRINGS = YES;
				SWIFT_VERSION = 5.0;
				TARGETED_DEVICE_FAMILY = "1,2";
			};
			name = Release;
		};
/* End XCBuildConfiguration section */

/* Begin XCConfigurationList section */
		BDDE6AF128D22B9C00784B36 /* Build configuration list for PBXProject "InstagramSwiftUI" */ = {
			isa = XCConfigurationList;
			buildConfigurations = (
				BDDE6B0228D22BA000784B36 /* Debug */,
				BDDE6B0328D22BA000784B36 /* Release */,
			);
			defaultConfigurationIsVisible = 0;
			defaultConfigurationName = Release;
		};
		BDDE6B0428D22BA000784B36 /* Build configuration list for PBXNativeTarget "InstagramSwiftUI" */ = {
			isa = XCConfigurationList;
			buildConfigurations = (
				BDDE6B0528D22BA000784B36 /* Debug */,
				BDDE6B0628D22BA000784B36 /* Release */,
			);
			defaultConfigurationIsVisible = 0;
			defaultConfigurationName = Release;
		};
/* End XCConfigurationList section */

/* Begin XCRemoteSwiftPackageReference section */
		BD1968B728D7D18E00E9DBD5 /* XCRemoteSwiftPackageReference "firebase-ios-sdk" */ = {
			isa = XCRemoteSwiftPackageReference;
			repositoryURL = "https://github.com/firebase/firebase-ios-sdk.git";
			requirement = {
				kind = upToNextMajorVersion;
				minimumVersion = 9.0.0;
			};
		};
		BD1968C228D7D44100E9DBD5 /* XCRemoteSwiftPackageReference "Kingfisher" */ = {
			isa = XCRemoteSwiftPackageReference;
			repositoryURL = "https://github.com/onevcat/Kingfisher.git";
			requirement = {
				kind = upToNextMajorVersion;
				minimumVersion = 7.0.0;
			};
		};
		BD1968C928D8139600E9DBD5 /* XCRemoteSwiftPackageReference "firebase-ios-sdk" */ = {
			isa = XCRemoteSwiftPackageReference;
			repositoryURL = "https://github.com/firebase/firebase-ios-sdk.git";
			requirement = {
				branch = master;
				kind = branch;
			};
		};
		BDD960E728D90F3300A31C0C /* XCRemoteSwiftPackageReference "firebase-ios-sdk" */ = {
			isa = XCRemoteSwiftPackageReference;
			repositoryURL = "https://github.com/firebase/firebase-ios-sdk.git";
			requirement = {
				branch = master;
				kind = branch;
			};
		};
/* End XCRemoteSwiftPackageReference section */

/* Begin XCSwiftPackageProductDependency section */
		BD1968B828D7D18E00E9DBD5 /* FirebaseAuth */ = {
			isa = XCSwiftPackageProductDependency;
			package = BD1968B728D7D18E00E9DBD5 /* XCRemoteSwiftPackageReference "firebase-ios-sdk" */;
			productName = FirebaseAuth;
		};
		BD1968BA28D7D18E00E9DBD5 /* FirebaseFirestore */ = {
			isa = XCSwiftPackageProductDependency;
			package = BD1968B728D7D18E00E9DBD5 /* XCRemoteSwiftPackageReference "firebase-ios-sdk" */;
			productName = FirebaseFirestore;
		};
		BD1968BC28D7D18E00E9DBD5 /* FirebaseMessaging */ = {
			isa = XCSwiftPackageProductDependency;
			package = BD1968B728D7D18E00E9DBD5 /* XCRemoteSwiftPackageReference "firebase-ios-sdk" */;
			productName = FirebaseMessaging;
		};
		BD1968BE28D7D18E00E9DBD5 /* FirebaseStorage */ = {
			isa = XCSwiftPackageProductDependency;
			package = BD1968B728D7D18E00E9DBD5 /* XCRemoteSwiftPackageReference "firebase-ios-sdk" */;
			productName = FirebaseStorage;
		};
		BD1968C328D7D44100E9DBD5 /* Kingfisher */ = {
			isa = XCSwiftPackageProductDependency;
			package = BD1968C228D7D44100E9DBD5 /* XCRemoteSwiftPackageReference "Kingfisher" */;
			productName = Kingfisher;
		};
		BD1968CA28D8139600E9DBD5 /* FirebaseMessaging */ = {
			isa = XCSwiftPackageProductDependency;
			package = BD1968C928D8139600E9DBD5 /* XCRemoteSwiftPackageReference "firebase-ios-sdk" */;
			productName = FirebaseMessaging;
		};
		BD1968CC28D8139600E9DBD5 /* FirebaseStorage */ = {
			isa = XCSwiftPackageProductDependency;
			package = BD1968C928D8139600E9DBD5 /* XCRemoteSwiftPackageReference "firebase-ios-sdk" */;
			productName = FirebaseStorage;
		};
		BDD960E828D90F3300A31C0C /* FirebaseFirestoreSwift */ = {
			isa = XCSwiftPackageProductDependency;
			package = BD1968C928D8139600E9DBD5 /* XCRemoteSwiftPackageReference "firebase-ios-sdk" */;
			productName = FirebaseFirestoreSwift;
		};
/* End XCSwiftPackageProductDependency section */
	};
	rootObject = BDDE6AEE28D22B9C00784B36 /* Project object */;
}
