// !$*UTF8*$!
{
	archiveVersion = 1;
	classes = {
	};
	objectVersion = 55;
	objects = {

/* Begin PBXBuildFile section */
		BDDE6AFA28D22B9C00784B36 /* InstagramSwiftUIApp.swift in Sources */ = {isa = PBXBuildFile; fileRef = BDDE6AF928D22B9C00784B36 /* InstagramSwiftUIApp.swift */; };
		BDDE6AFE28D22BA000784B36 /* Assets.xcassets in Resources */ = {isa = PBXBuildFile; fileRef = BDDE6AFD28D22BA000784B36 /* Assets.xcassets */; };
		BDDE6B0128D22BA000784B36 /* Preview Assets.xcassets in Resources */ = {isa = PBXBuildFile; fileRef = BDDE6B0028D22BA000784B36 /* Preview Assets.xcassets */; };
		BDDE6B0E28D22CEB00784B36 /* ContentView.swift in Sources */ = {isa = PBXBuildFile; fileRef = BDDE6B0D28D22CEB00784B36 /* ContentView.swift */; };
		BDDE6B1C28D22E3C00784B36 /* MainTabView.swift in Sources */ = {isa = PBXBuildFile; fileRef = BDDE6B1B28D22E3C00784B36 /* MainTabView.swift */; };
		BDDE6B1E28D22E7700784B36 /* FeedView.swift in Sources */ = {isa = PBXBuildFile; fileRef = BDDE6B1D28D22E7700784B36 /* FeedView.swift */; };
		BDDE6B2028D22E9200784B36 /* SearchView.swift in Sources */ = {isa = PBXBuildFile; fileRef = BDDE6B1F28D22E9200784B36 /* SearchView.swift */; };
		BDDE6B2328D22EAA00784B36 /* ProfileView.swift in Sources */ = {isa = PBXBuildFile; fileRef = BDDE6B2228D22EAA00784B36 /* ProfileView.swift */; };
		BDDE6B2728D22EF300784B36 /* UploadPostView.swift in Sources */ = {isa = PBXBuildFile; fileRef = BDDE6B2628D22EF300784B36 /* UploadPostView.swift */; };
		BDDE6B2928D22F0900784B36 /* NotificationsView.swift in Sources */ = {isa = PBXBuildFile; fileRef = BDDE6B2828D22F0900784B36 /* NotificationsView.swift */; };
		BDDE6B2B28D3CA2C00784B36 /* FeedCell.swift in Sources */ = {isa = PBXBuildFile; fileRef = BDDE6B2A28D3CA2C00784B36 /* FeedCell.swift */; };
/* End PBXBuildFile section */

/* Begin PBXFileReference section */
		BDDE6AF628D22B9C00784B36 /* InstagramSwiftUI.app */ = {isa = PBXFileReference; explicitFileType = wrapper.application; includeInIndex = 0; path = InstagramSwiftUI.app; sourceTree = BUILT_PRODUCTS_DIR; };
		BDDE6AF928D22B9C00784B36 /* InstagramSwiftUIApp.swift */ = {isa = PBXFileReference; lastKnownFileType = sourcecode.swift; path = InstagramSwiftUIApp.swift; sourceTree = "<group>"; };
		BDDE6AFD28D22BA000784B36 /* Assets.xcassets */ = {isa = PBXFileReference; lastKnownFileType = folder.assetcatalog; path = Assets.xcassets; sourceTree = "<group>"; };
		BDDE6B0028D22BA000784B36 /* Preview Assets.xcassets */ = {isa = PBXFileReference; lastKnownFileType = folder.assetcatalog; path = "Preview Assets.xcassets"; sourceTree = "<group>"; };
		BDDE6B0D28D22CEB00784B36 /* ContentView.swift */ = {isa = PBXFileReference; lastKnownFileType = sourcecode.swift; path = ContentView.swift; sourceTree = "<group>"; };
		BDDE6B1B28D22E3C00784B36 /* MainTabView.swift */ = {isa = PBXFileReference; lastKnownFileType = sourcecode.swift; path = MainTabView.swift; sourceTree = "<group>"; };
		BDDE6B1D28D22E7700784B36 /* FeedView.swift */ = {isa = PBXFileReference; lastKnownFileType = sourcecode.swift; path = FeedView.swift; sourceTree = "<group>"; };
		BDDE6B1F28D22E9200784B36 /* SearchView.swift */ = {isa = PBXFileReference; lastKnownFileType = sourcecode.swift; path = SearchView.swift; sourceTree = "<group>"; };
		BDDE6B2228D22EAA00784B36 /* ProfileView.swift */ = {isa = PBXFileReference; lastKnownFileType = sourcecode.swift; path = ProfileView.swift; sourceTree = "<group>"; };
		BDDE6B2628D22EF300784B36 /* UploadPostView.swift */ = {isa = PBXFileReference; lastKnownFileType = sourcecode.swift; path = UploadPostView.swift; sourceTree = "<group>"; };
		BDDE6B2828D22F0900784B36 /* NotificationsView.swift */ = {isa = PBXFileReference; lastKnownFileType = sourcecode.swift; path = NotificationsView.swift; sourceTree = "<group>"; };
		BDDE6B2A28D3CA2C00784B36 /* FeedCell.swift */ = {isa = PBXFileReference; lastKnownFileType = sourcecode.swift; path = FeedCell.swift; sourceTree = "<group>"; };
/* End PBXFileReference section */

/* Begin PBXFrameworksBuildPhase section */
		BDDE6AF328D22B9C00784B36 /* Frameworks */ = {
			isa = PBXFrameworksBuildPhase;
			buildActionMask = 2147483647;
			files = (
			);
			runOnlyForDeploymentPostprocessing = 0;
		};
/* End PBXFrameworksBuildPhase section */

/* Begin PBXGroup section */
		BDDE6AED28D22B9C00784B36 = {
			isa = PBXGroup;
			children = (
				BDDE6AF828D22B9C00784B36 /* InstagramSwiftUI */,
				BDDE6AF728D22B9C00784B36 /* Products */,
			);
			sourceTree = "<group>";
		};
		BDDE6AF728D22B9C00784B36 /* Products */ = {
			isa = PBXGroup;
			children = (
				BDDE6AF628D22B9C00784B36 /* InstagramSwiftUI.app */,
			);
			name = Products;
			sourceTree = "<group>";
		};
		BDDE6AF828D22B9C00784B36 /* InstagramSwiftUI */ = {
			isa = PBXGroup;
			children = (
				BDDE6B0728D22C5600784B36 /* Model */,
				BDDE6B0A28D22C8800784B36 /* View */,
				BDDE6B0928D22C8600784B36 /* ViewModel */,
				BDDE6B0B28D22C9900784B36 /* API */,
				BDDE6B0828D22C7F00784B36 /* Utils */,
				BDDE6AF928D22B9C00784B36 /* InstagramSwiftUIApp.swift */,
				BDDE6AFD28D22BA000784B36 /* Assets.xcassets */,
				BDDE6AFF28D22BA000784B36 /* Preview Content */,
			);
			path = InstagramSwiftUI;
			sourceTree = "<group>";
		};
		BDDE6AFF28D22BA000784B36 /* Preview Content */ = {
			isa = PBXGroup;
			children = (
				BDDE6B0028D22BA000784B36 /* Preview Assets.xcassets */,
			);
			path = "Preview Content";
			sourceTree = "<group>";
		};
		BDDE6B0728D22C5600784B36 /* Model */ = {
			isa = PBXGroup;
			children = (
			);
			path = Model;
			sourceTree = "<group>";
		};
		BDDE6B0828D22C7F00784B36 /* Utils */ = {
			isa = PBXGroup;
			children = (
			);
			path = Utils;
			sourceTree = "<group>";
		};
		BDDE6B0928D22C8600784B36 /* ViewModel */ = {
			isa = PBXGroup;
			children = (
				BDDE6B1A28D22D6B00784B36 /* Profile */,
				BDDE6B1928D22D6500784B36 /* Authentication */,
				BDDE6B1828D22D5F00784B36 /* Notifications */,
				BDDE6B1728D22D5B00784B36 /* Feed */,
			);
			path = ViewModel;
			sourceTree = "<group>";
		};
		BDDE6B0A28D22C8800784B36 /* View */ = {
			isa = PBXGroup;
			children = (
				BDDE6B1628D22D3000784B36 /* Items */,
				BDDE6B1528D22D2600784B36 /* Authentication */,
				BDDE6B1328D22D1900784B36 /* Feed */,
				BDDE6B1028D22D0500784B36 /* Comments */,
				BDDE6B0F28D22D0100784B36 /* Profile */,
				BDDE6B1228D22D1200784B36 /* Notifications */,
				BDDE6B1428D22D1D00784B36 /* UploadPost */,
				BDDE6B1128D22D0B00784B36 /* Search */,
				BDDE6B0C28D22CD700784B36 /* Main */,
			);
			path = View;
			sourceTree = "<group>";
		};
		BDDE6B0B28D22C9900784B36 /* API */ = {
			isa = PBXGroup;
			children = (
			);
			path = API;
			sourceTree = "<group>";
		};
		BDDE6B0C28D22CD700784B36 /* Main */ = {
			isa = PBXGroup;
			children = (
				BDDE6B0D28D22CEB00784B36 /* ContentView.swift */,
				BDDE6B1B28D22E3C00784B36 /* MainTabView.swift */,
			);
			path = Main;
			sourceTree = "<group>";
		};
		BDDE6B0F28D22D0100784B36 /* Profile */ = {
			isa = PBXGroup;
			children = (
				BDDE6B2228D22EAA00784B36 /* ProfileView.swift */,
			);
			path = Profile;
			sourceTree = "<group>";
		};
		BDDE6B1028D22D0500784B36 /* Comments */ = {
			isa = PBXGroup;
			children = (
			);
			path = Comments;
			sourceTree = "<group>";
		};
		BDDE6B1128D22D0B00784B36 /* Search */ = {
			isa = PBXGroup;
			children = (
				BDDE6B1F28D22E9200784B36 /* SearchView.swift */,
			);
			path = Search;
			sourceTree = "<group>";
		};
		BDDE6B1228D22D1200784B36 /* Notifications */ = {
			isa = PBXGroup;
			children = (
				BDDE6B2828D22F0900784B36 /* NotificationsView.swift */,
			);
			path = Notifications;
			sourceTree = "<group>";
		};
		BDDE6B1328D22D1900784B36 /* Feed */ = {
			isa = PBXGroup;
			children = (
				BDDE6B1D28D22E7700784B36 /* FeedView.swift */,
				BDDE6B2A28D3CA2C00784B36 /* FeedCell.swift */,
			);
			path = Feed;
			sourceTree = "<group>";
		};
		BDDE6B1428D22D1D00784B36 /* UploadPost */ = {
			isa = PBXGroup;
			children = (
				BDDE6B2628D22EF300784B36 /* UploadPostView.swift */,
			);
			path = UploadPost;
			sourceTree = "<group>";
		};
		BDDE6B1528D22D2600784B36 /* Authentication */ = {
			isa = PBXGroup;
			children = (
			);
			path = Authentication;
			sourceTree = "<group>";
		};
		BDDE6B1628D22D3000784B36 /* Items */ = {
			isa = PBXGroup;
			children = (
			);
			path = Items;
			sourceTree = "<group>";
		};
		BDDE6B1728D22D5B00784B36 /* Feed */ = {
			isa = PBXGroup;
			children = (
			);
			path = Feed;
			sourceTree = "<group>";
		};
		BDDE6B1828D22D5F00784B36 /* Notifications */ = {
			isa = PBXGroup;
			children = (
			);
			path = Notifications;
			sourceTree = "<group>";
		};
		BDDE6B1928D22D6500784B36 /* Authentication */ = {
			isa = PBXGroup;
			children = (
			);
			path = Authentication;
			sourceTree = "<group>";
		};
		BDDE6B1A28D22D6B00784B36 /* Profile */ = {
			isa = PBXGroup;
			children = (
			);
			path = Profile;
			sourceTree = "<group>";
		};
/* End PBXGroup section */

/* Begin PBXNativeTarget section */
		BDDE6AF528D22B9C00784B36 /* InstagramSwiftUI */ = {
			isa = PBXNativeTarget;
			buildConfigurationList = BDDE6B0428D22BA000784B36 /* Build configuration list for PBXNativeTarget "InstagramSwiftUI" */;
			buildPhases = (
				BDDE6AF228D22B9C00784B36 /* Sources */,
				BDDE6AF328D22B9C00784B36 /* Frameworks */,
				BDDE6AF428D22B9C00784B36 /* Resources */,
			);
			buildRules = (
			);
			dependencies = (
			);
			name = InstagramSwiftUI;
			productName = InstagramSwiftUI;
			productReference = BDDE6AF628D22B9C00784B36 /* InstagramSwiftUI.app */;
			productType = "com.apple.product-type.application";
		};
/* End PBXNativeTarget section */

/* Begin PBXProject section */
		BDDE6AEE28D22B9C00784B36 /* Project object */ = {
			isa = PBXProject;
			attributes = {
				BuildIndependentTargetsInParallel = 1;
				LastSwiftUpdateCheck = 1340;
				LastUpgradeCheck = 1340;
				TargetAttributes = {
					BDDE6AF528D22B9C00784B36 = {
						CreatedOnToolsVersion = 13.4.1;
					};
				};
			};
			buildConfigurationList = BDDE6AF128D22B9C00784B36 /* Build configuration list for PBXProject "InstagramSwiftUI" */;
			compatibilityVersion = "Xcode 13.0";
			developmentRegion = en;
			hasScannedForEncodings = 0;
			knownRegions = (
				en,
				Base,
			);
			mainGroup = BDDE6AED28D22B9C00784B36;
			productRefGroup = BDDE6AF728D22B9C00784B36 /* Products */;
			projectDirPath = "";
			projectRoot = "";
			targets = (
				BDDE6AF528D22B9C00784B36 /* InstagramSwiftUI */,
			);
		};
/* End PBXProject section */

/* Begin PBXResourcesBuildPhase section */
		BDDE6AF428D22B9C00784B36 /* Resources */ = {
			isa = PBXResourcesBuildPhase;
			buildActionMask = 2147483647;
			files = (
				BDDE6B0128D22BA000784B36 /* Preview Assets.xcassets in Resources */,
				BDDE6AFE28D22BA000784B36 /* Assets.xcassets in Resources */,
			);
			runOnlyForDeploymentPostprocessing = 0;
		};
/* End PBXResourcesBuildPhase section */

/* Begin PBXSourcesBuildPhase section */
		BDDE6AF228D22B9C00784B36 /* Sources */ = {
			isa = PBXSourcesBuildPhase;
			buildActionMask = 2147483647;
			files = (
				BDDE6B2028D22E9200784B36 /* SearchView.swift in Sources */,
				BDDE6B1E28D22E7700784B36 /* FeedView.swift in Sources */,
				BDDE6AFA28D22B9C00784B36 /* InstagramSwiftUIApp.swift in Sources */,
				BDDE6B0E28D22CEB00784B36 /* ContentView.swift in Sources */,
				BDDE6B2728D22EF300784B36 /* UploadPostView.swift in Sources */,
				BDDE6B2328D22EAA00784B36 /* ProfileView.swift in Sources */,
				BDDE6B1C28D22E3C00784B36 /* MainTabView.swift in Sources */,
				BDDE6B2928D22F0900784B36 /* NotificationsView.swift in Sources */,
				BDDE6B2B28D3CA2C00784B36 /* FeedCell.swift in Sources */,
			);
			runOnlyForDeploymentPostprocessing = 0;
		};
/* End PBXSourcesBuildPhase section */

/* Begin XCBuildConfiguration section */
		BDDE6B0228D22BA000784B36 /* Debug */ = {
			isa = XCBuildConfiguration;
			buildSettings = {
				ALWAYS_SEARCH_USER_PATHS = NO;
				CLANG_ANALYZER_NONNULL = YES;
				CLANG_ANALYZER_NUMBER_OBJECT_CONVERSION = YES_AGGRESSIVE;
				CLANG_CXX_LANGUAGE_STANDARD = "gnu++17";
				CLANG_ENABLE_MODULES = YES;
				CLANG_ENABLE_OBJC_ARC = YES;
				CLANG_ENABLE_OBJC_WEAK = YES;
				CLANG_WARN_BLOCK_CAPTURE_AUTORELEASING = YES;
				CLANG_WARN_BOOL_CONVERSION = YES;
				CLANG_WARN_COMMA = YES;
				CLANG_WARN_CONSTANT_CONVERSION = YES;
				CLANG_WARN_DEPRECATED_OBJC_IMPLEMENTATIONS = YES;
				CLANG_WARN_DIRECT_OBJC_ISA_USAGE = YES_ERROR;
				CLANG_WARN_DOCUMENTATION_COMMENTS = YES;
				CLANG_WARN_EMPTY_BODY = YES;
				CLANG_WARN_ENUM_CONVERSION = YES;
				CLANG_WARN_INFINITE_RECURSION = YES;
				CLANG_WARN_INT_CONVERSION = YES;
				CLANG_WARN_NON_LITERAL_NULL_CONVERSION = YES;
				CLANG_WARN_OBJC_IMPLICIT_RETAIN_SELF = YES;
				CLANG_WARN_OBJC_LITERAL_CONVERSION = YES;
				CLANG_WARN_OBJC_ROOT_CLASS = YES_ERROR;
				CLANG_WARN_QUOTED_INCLUDE_IN_FRAMEWORK_HEADER = YES;
				CLANG_WARN_RANGE_LOOP_ANALYSIS = YES;
				CLANG_WARN_STRICT_PROTOTYPES = YES;
				CLANG_WARN_SUSPICIOUS_MOVE = YES;
				CLANG_WARN_UNGUARDED_AVAILABILITY = YES_AGGRESSIVE;
				CLANG_WARN_UNREACHABLE_CODE = YES;
				CLANG_WARN__DUPLICATE_METHOD_MATCH = YES;
				COPY_PHASE_STRIP = NO;
				DEBUG_INFORMATION_FORMAT = dwarf;
				ENABLE_STRICT_OBJC_MSGSEND = YES;
				ENABLE_TESTABILITY = YES;
				GCC_C_LANGUAGE_STANDARD = gnu11;
				GCC_DYNAMIC_NO_PIC = NO;
				GCC_NO_COMMON_BLOCKS = YES;
				GCC_OPTIMIZATION_LEVEL = 0;
				GCC_PREPROCESSOR_DEFINITIONS = (
					"DEBUG=1",
					"$(inherited)",
				);
				GCC_WARN_64_TO_32_BIT_CONVERSION = YES;
				GCC_WARN_ABOUT_RETURN_TYPE = YES_ERROR;
				GCC_WARN_UNDECLARED_SELECTOR = YES;
				GCC_WARN_UNINITIALIZED_AUTOS = YES_AGGRESSIVE;
				GCC_WARN_UNUSED_FUNCTION = YES;
				GCC_WARN_UNUSED_VARIABLE = YES;
				IPHONEOS_DEPLOYMENT_TARGET = 15.5;
				MTL_ENABLE_DEBUG_INFO = INCLUDE_SOURCE;
				MTL_FAST_MATH = YES;
				ONLY_ACTIVE_ARCH = YES;
				SDKROOT = iphoneos;
				SWIFT_ACTIVE_COMPILATION_CONDITIONS = DEBUG;
				SWIFT_OPTIMIZATION_LEVEL = "-Onone";
			};
			name = Debug;
		};
		BDDE6B0328D22BA000784B36 /* Release */ = {
			isa = XCBuildConfiguration;
			buildSettings = {
				ALWAYS_SEARCH_USER_PATHS = NO;
				CLANG_ANALYZER_NONNULL = YES;
				CLANG_ANALYZER_NUMBER_OBJECT_CONVERSION = YES_AGGRESSIVE;
				CLANG_CXX_LANGUAGE_STANDARD = "gnu++17";
				CLANG_ENABLE_MODULES = YES;
				CLANG_ENABLE_OBJC_ARC = YES;
				CLANG_ENABLE_OBJC_WEAK = YES;
				CLANG_WARN_BLOCK_CAPTURE_AUTORELEASING = YES;
				CLANG_WARN_BOOL_CONVERSION = YES;
				CLANG_WARN_COMMA = YES;
				CLANG_WARN_CONSTANT_CONVERSION = YES;
				CLANG_WARN_DEPRECATED_OBJC_IMPLEMENTATIONS = YES;
				CLANG_WARN_DIRECT_OBJC_ISA_USAGE = YES_ERROR;
				CLANG_WARN_DOCUMENTATION_COMMENTS = YES;
				CLANG_WARN_EMPTY_BODY = YES;
				CLANG_WARN_ENUM_CONVERSION = YES;
				CLANG_WARN_INFINITE_RECURSION = YES;
				CLANG_WARN_INT_CONVERSION = YES;
				CLANG_WARN_NON_LITERAL_NULL_CONVERSION = YES;
				CLANG_WARN_OBJC_IMPLICIT_RETAIN_SELF = YES;
				CLANG_WARN_OBJC_LITERAL_CONVERSION = YES;
				CLANG_WARN_OBJC_ROOT_CLASS = YES_ERROR;
				CLANG_WARN_QUOTED_INCLUDE_IN_FRAMEWORK_HEADER = YES;
				CLANG_WARN_RANGE_LOOP_ANALYSIS = YES;
				CLANG_WARN_STRICT_PROTOTYPES = YES;
				CLANG_WARN_SUSPICIOUS_MOVE = YES;
				CLANG_WARN_UNGUARDED_AVAILABILITY = YES_AGGRESSIVE;
				CLANG_WARN_UNREACHABLE_CODE = YES;
				CLANG_WARN__DUPLICATE_METHOD_MATCH = YES;
				COPY_PHASE_STRIP = NO;
				DEBUG_INFORMATION_FORMAT = "dwarf-with-dsym";
				ENABLE_NS_ASSERTIONS = NO;
				ENABLE_STRICT_OBJC_MSGSEND = YES;
				GCC_C_LANGUAGE_STANDARD = gnu11;
				GCC_NO_COMMON_BLOCKS = YES;
				GCC_WARN_64_TO_32_BIT_CONVERSION = YES;
				GCC_WARN_ABOUT_RETURN_TYPE = YES_ERROR;
				GCC_WARN_UNDECLARED_SELECTOR = YES;
				GCC_WARN_UNINITIALIZED_AUTOS = YES_AGGRESSIVE;
				GCC_WARN_UNUSED_FUNCTION = YES;
				GCC_WARN_UNUSED_VARIABLE = YES;
				IPHONEOS_DEPLOYMENT_TARGET = 15.5;
				MTL_ENABLE_DEBUG_INFO = NO;
				MTL_FAST_MATH = YES;
				SDKROOT = iphoneos;
				SWIFT_COMPILATION_MODE = wholemodule;
				SWIFT_OPTIMIZATION_LEVEL = "-O";
				VALIDATE_PRODUCT = YES;
			};
			name = Release;
		};
		BDDE6B0528D22BA000784B36 /* Debug */ = {
			isa = XCBuildConfiguration;
			buildSettings = {
				ASSETCATALOG_COMPILER_APPICON_NAME = AppIcon;
				ASSETCATALOG_COMPILER_GLOBAL_ACCENT_COLOR_NAME = AccentColor;
				CODE_SIGN_STYLE = Automatic;
				CURRENT_PROJECT_VERSION = 1;
				DEVELOPMENT_ASSET_PATHS = "\"InstagramSwiftUI/Preview Content\"";
				ENABLE_PREVIEWS = YES;
				GENERATE_INFOPLIST_FILE = YES;
				INFOPLIST_KEY_UIApplicationSceneManifest_Generation = YES;
				INFOPLIST_KEY_UIApplicationSupportsIndirectInputEvents = YES;
				INFOPLIST_KEY_UILaunchScreen_Generation = YES;
				INFOPLIST_KEY_UISupportedInterfaceOrientations_iPad = "UIInterfaceOrientationPortrait UIInterfaceOrientationPortraitUpsideDown UIInterfaceOrientationLandscapeLeft UIInterfaceOrientationLandscapeRight";
				INFOPLIST_KEY_UISupportedInterfaceOrientations_iPhone = "UIInterfaceOrientationPortrait UIInterfaceOrientationLandscapeLeft UIInterfaceOrientationLandscapeRight";
				LD_RUNPATH_SEARCH_PATHS = (
					"$(inherited)",
					"@executable_path/Frameworks",
				);
				MARKETING_VERSION = 1.0;
				PRODUCT_BUNDLE_IDENTIFIER = br.com.heliotecnologia.InstagramSwiftUI;
				PRODUCT_NAME = "$(TARGET_NAME)";
				SWIFT_EMIT_LOC_STRINGS = YES;
				SWIFT_VERSION = 5.0;
				TARGETED_DEVICE_FAMILY = "1,2";
			};
			name = Debug;
		};
		BDDE6B0628D22BA000784B36 /* Release */ = {
			isa = XCBuildConfiguration;
			buildSettings = {
				ASSETCATALOG_COMPILER_APPICON_NAME = AppIcon;
				ASSETCATALOG_COMPILER_GLOBAL_ACCENT_COLOR_NAME = AccentColor;
				CODE_SIGN_STYLE = Automatic;
				CURRENT_PROJECT_VERSION = 1;
				DEVELOPMENT_ASSET_PATHS = "\"InstagramSwiftUI/Preview Content\"";
				ENABLE_PREVIEWS = YES;
				GENERATE_INFOPLIST_FILE = YES;
				INFOPLIST_KEY_UIApplicationSceneManifest_Generation = YES;
				INFOPLIST_KEY_UIApplicationSupportsIndirectInputEvents = YES;
				INFOPLIST_KEY_UILaunchScreen_Generation = YES;
				INFOPLIST_KEY_UISupportedInterfaceOrientations_iPad = "UIInterfaceOrientationPortrait UIInterfaceOrientationPortraitUpsideDown UIInterfaceOrientationLandscapeLeft UIInterfaceOrientationLandscapeRight";
				INFOPLIST_KEY_UISupportedInterfaceOrientations_iPhone = "UIInterfaceOrientationPortrait UIInterfaceOrientationLandscapeLeft UIInterfaceOrientationLandscapeRight";
				LD_RUNPATH_SEARCH_PATHS = (
					"$(inherited)",
					"@executable_path/Frameworks",
				);
				MARKETING_VERSION = 1.0;
				PRODUCT_BUNDLE_IDENTIFIER = br.com.heliotecnologia.InstagramSwiftUI;
				PRODUCT_NAME = "$(TARGET_NAME)";
				SWIFT_EMIT_LOC_STRINGS = YES;
				SWIFT_VERSION = 5.0;
				TARGETED_DEVICE_FAMILY = "1,2";
			};
			name = Release;
		};
/* End XCBuildConfiguration section */

/* Begin XCConfigurationList section */
		BDDE6AF128D22B9C00784B36 /* Build configuration list for PBXProject "InstagramSwiftUI" */ = {
			isa = XCConfigurationList;
			buildConfigurations = (
				BDDE6B0228D22BA000784B36 /* Debug */,
				BDDE6B0328D22BA000784B36 /* Release */,
			);
			defaultConfigurationIsVisible = 0;
			defaultConfigurationName = Release;
		};
		BDDE6B0428D22BA000784B36 /* Build configuration list for PBXNativeTarget "InstagramSwiftUI" */ = {
			isa = XCConfigurationList;
			buildConfigurations = (
				BDDE6B0528D22BA000784B36 /* Debug */,
				BDDE6B0628D22BA000784B36 /* Release */,
			);
			defaultConfigurationIsVisible = 0;
			defaultConfigurationName = Release;
		};
/* End XCConfigurationList section */
	};
	rootObject = BDDE6AEE28D22B9C00784B36 /* Project object */;
}
